# This file is automatically @generated by Poetry 1.7.0 and should not be changed by hand.

[[package]]
name = "bcrypt"
version = "4.1.1"
description = "Modern password hashing for your software and your servers"
optional = false
python-versions = ">=3.7"
files = [
    {file = "bcrypt-4.1.1-cp37-abi3-macosx_10_12_universal2.whl", hash = "sha256:196008d91201bbb1aa4e666fee5e610face25d532e433a560cabb33bfdff958b"},
    {file = "bcrypt-4.1.1-cp37-abi3-macosx_13_0_universal2.whl", hash = "sha256:2e197534c884336f9020c1f3a8efbaab0aa96fc798068cb2da9c671818b7fbb0"},
    {file = "bcrypt-4.1.1-cp37-abi3-manylinux_2_17_aarch64.manylinux2014_aarch64.whl", hash = "sha256:d573885b637815a7f3a3cd5f87724d7d0822da64b0ab0aa7f7c78bae534e86dc"},
    {file = "bcrypt-4.1.1-cp37-abi3-manylinux_2_17_x86_64.manylinux2014_x86_64.whl", hash = "sha256:bab33473f973e8058d1b2df8d6e095d237c49fbf7a02b527541a86a5d1dc4444"},
    {file = "bcrypt-4.1.1-cp37-abi3-manylinux_2_28_aarch64.whl", hash = "sha256:fb931cd004a7ad36a89789caf18a54c20287ec1cd62161265344b9c4554fdb2e"},
    {file = "bcrypt-4.1.1-cp37-abi3-manylinux_2_28_x86_64.whl", hash = "sha256:12f40f78dcba4aa7d1354d35acf45fae9488862a4fb695c7eeda5ace6aae273f"},
    {file = "bcrypt-4.1.1-cp37-abi3-musllinux_1_1_aarch64.whl", hash = "sha256:2ade10e8613a3b8446214846d3ddbd56cfe9205a7d64742f0b75458c868f7492"},
    {file = "bcrypt-4.1.1-cp37-abi3-musllinux_1_1_x86_64.whl", hash = "sha256:f33b385c3e80b5a26b3a5e148e6165f873c1c202423570fdf45fe34e00e5f3e5"},
    {file = "bcrypt-4.1.1-cp37-abi3-musllinux_1_2_aarch64.whl", hash = "sha256:755b9d27abcab678e0b8fb4d0abdebeea1f68dd1183b3f518bad8d31fa77d8be"},
    {file = "bcrypt-4.1.1-cp37-abi3-musllinux_1_2_x86_64.whl", hash = "sha256:a7a7b8a87e51e5e8ca85b9fdaf3a5dc7aaf123365a09be7a27883d54b9a0c403"},
    {file = "bcrypt-4.1.1-cp37-abi3-win32.whl", hash = "sha256:3d6c4e0d6963c52f8142cdea428e875042e7ce8c84812d8e5507bd1e42534e07"},
    {file = "bcrypt-4.1.1-cp37-abi3-win_amd64.whl", hash = "sha256:14d41933510717f98aac63378b7956bbe548986e435df173c841d7f2bd0b2de7"},
    {file = "bcrypt-4.1.1-pp310-pypy310_pp73-manylinux_2_28_aarch64.whl", hash = "sha256:24c2ebd287b5b11016f31d506ca1052d068c3f9dc817160628504690376ff050"},
    {file = "bcrypt-4.1.1-pp310-pypy310_pp73-manylinux_2_28_x86_64.whl", hash = "sha256:476aa8e8aca554260159d4c7a97d6be529c8e177dbc1d443cb6b471e24e82c74"},
    {file = "bcrypt-4.1.1-pp39-pypy39_pp73-manylinux_2_28_aarch64.whl", hash = "sha256:12611c4b0a8b1c461646228344784a1089bc0c49975680a2f54f516e71e9b79e"},
    {file = "bcrypt-4.1.1-pp39-pypy39_pp73-manylinux_2_28_x86_64.whl", hash = "sha256:c6450538a0fc32fb7ce4c6d511448c54c4ff7640b2ed81badf9898dcb9e5b737"},
    {file = "bcrypt-4.1.1.tar.gz", hash = "sha256:df37f5418d4f1cdcff845f60e747a015389fa4e63703c918330865e06ad80007"},
]

[package.extras]
tests = ["pytest (>=3.2.1,!=3.3.0)"]
typecheck = ["mypy"]

[[package]]
name = "click"
version = "8.1.7"
description = "Composable command line interface toolkit"
optional = false
python-versions = ">=3.7"
files = [
    {file = "click-8.1.7-py3-none-any.whl", hash = "sha256:ae74fb96c20a0277a1d615f1e4d73c8414f5a98db8b799a7931d1582f3390c28"},
    {file = "click-8.1.7.tar.gz", hash = "sha256:ca9853ad459e787e2192211578cc907e7594e294c7ccc834310722b41b9ca6de"},
]

[package.dependencies]
colorama = {version = "*", markers = "platform_system == \"Windows\""}

[[package]]
name = "colorama"
version = "0.4.6"
description = "Cross-platform colored terminal text."
optional = false
python-versions = "!=3.0.*,!=3.1.*,!=3.2.*,!=3.3.*,!=3.4.*,!=3.5.*,!=3.6.*,>=2.7"
files = [
    {file = "colorama-0.4.6-py2.py3-none-any.whl", hash = "sha256:4f1d9991f5acc0ca119f9d443620b77f9d6b33703e51011c16baf57afb285fc6"},
    {file = "colorama-0.4.6.tar.gz", hash = "sha256:08695f5cb7ed6e0531a20572697297273c47b8cae5a63ffc6d6ed5c201be6e44"},
]

[[package]]
name = "typer"
version = "0.9.0"
description = "Typer, build great CLIs. Easy to code. Based on Python type hints."
optional = false
python-versions = ">=3.6"
files = [
    {file = "typer-0.9.0-py3-none-any.whl", hash = "sha256:5d96d986a21493606a358cae4461bd8cdf83cbf33a5aa950ae629ca3b51467ee"},
    {file = "typer-0.9.0.tar.gz", hash = "sha256:50922fd79aea2f4751a8e0408ff10d2662bd0c8bbfa84755a699f3bada2978b2"},
]

[package.dependencies]
click = ">=7.1.1,<9.0.0"
typing-extensions = ">=3.7.4.3"

[package.extras]
all = ["colorama (>=0.4.3,<0.5.0)", "rich (>=10.11.0,<14.0.0)", "shellingham (>=1.3.0,<2.0.0)"]
dev = ["autoflake (>=1.3.1,<2.0.0)", "flake8 (>=3.8.3,<4.0.0)", "pre-commit (>=2.17.0,<3.0.0)"]
doc = ["cairosvg (>=2.5.2,<3.0.0)", "mdx-include (>=1.4.1,<2.0.0)", "mkdocs (>=1.1.2,<2.0.0)", "mkdocs-material (>=8.1.4,<9.0.0)", "pillow (>=9.3.0,<10.0.0)"]
test = ["black (>=22.3.0,<23.0.0)", "coverage (>=6.2,<7.0)", "isort (>=5.0.6,<6.0.0)", "mypy (==0.910)", "pytest (>=4.4.0,<8.0.0)", "pytest-cov (>=2.10.0,<5.0.0)", "pytest-sugar (>=0.9.4,<0.10.0)", "pytest-xdist (>=1.32.0,<4.0.0)", "rich (>=10.11.0,<14.0.0)", "shellingham (>=1.3.0,<2.0.0)"]

[[package]]
name = "typing-extensions"
version = "4.9.0"
description = "Backported and Experimental Type Hints for Python 3.8+"
optional = false
python-versions = ">=3.8"
files = [
    {file = "typing_extensions-4.9.0-py3-none-any.whl", hash = "sha256:af72aea155e91adfc61c3ae9e0e342dbc0cba726d6cba4b6c72c1f34e47291cd"},
    {file = "typing_extensions-4.9.0.tar.gz", hash = "sha256:23478f88c37f27d76ac8aee6c905017a143b0b1b886c3c9f66bc2fd94f9f5783"},
]

[metadata]
lock-version = "2.0"
python-versions = "3.11.x"
content-hash = "6c71057a8f75df0147f04a2bac064e2a185c5578cc63df6de643e3dcd8dc86fb"
